
Microsoft Visual Studio Solution File, Format Version 12.00
# Visual Studio Version 17
VisualStudioVersion = 17.13.35818.85
MinimumVisualStudioVersion = 10.0.40219.1
Project("{2150E333-8FDC-42A3-9474-1A3956D46DE8}") = "Services", "Services", "{02EA681E-C7D8-13C7-8484-4AC65E1B71E8}"
EndProject
Project("{2150E333-8FDC-42A3-9474-1A3956D46DE8}") = "Catalog", "Catalog", "{CFF75CE4-7722-459C-8E6C-59D754F8D7DA}"
EndProject
Project("{FAE04EC0-301F-11D3-BF4B-00C04F79EFBC}") = "Catalog.API", "Services\Catalog\Catalog.API\Catalog.API.csproj", "{F967EFC0-37D8-4F94-8535-7B821AB4A224}"
EndProject
Project("{2150E333-8FDC-42A3-9474-1A3956D46DE8}") = "BuildingBlocks", "BuildingBlocks", "{D90EAE5D-81C4-4878-B252-0C525C9CD763}"
EndProject
Project("{FAE04EC0-301F-11D3-BF4B-00C04F79EFBC}") = "BuildingBlocks", "BuildingBlocks\BuildingBlocks\BuildingBlocks.csproj", "{2920D9C7-D36F-498E-ACCE-D1D218CC9A37}"
EndProject
Project("{E53339B2-1760-4266-BCC7-CA923CBCF16C}") = "docker-compose", "docker-compose.dcproj", "{81DDED9D-158B-E303-5F62-77A2896D2A5A}"
EndProject
Project("{2150E333-8FDC-42A3-9474-1A3956D46DE8}") = "Basket", "Basket", "{1683F5D2-719D-4589-9E2D-6637D6BC6F37}"
EndProject
Project("{FAE04EC0-301F-11D3-BF4B-00C04F79EFBC}") = "Basket.API", "Services\Basket\Basket.API\Basket.API.csproj", "{CB1D3A05-CDDC-49D8-A56D-CEBF8CB459BF}"
EndProject
Project("{2150E333-8FDC-42A3-9474-1A3956D46DE8}") = "Discount", "Discount", "{DFC7FC36-6DD4-49CE-9835-047239718A72}"
EndProject
Project("{FAE04EC0-301F-11D3-BF4B-00C04F79EFBC}") = "Discount.Grpc", "Services\Discount\Discount.Grpc\Discount.Grpc.csproj", "{5ABAB753-48CE-4A90-B268-F4EEB08BCB2D}"
EndProject
Project("{2150E333-8FDC-42A3-9474-1A3956D46DE8}") = "Ordering", "Ordering", "{0ED9ECEC-1288-4159-8DB9-8E9F9048D7CB}"
EndProject
Project("{FAE04EC0-301F-11D3-BF4B-00C04F79EFBC}") = "Ordering.API", "Services\Ordering\Ordering.API\Ordering.API.csproj", "{9CBDADA4-EFD3-40C7-A1D1-DE83A720F7D3}"
EndProject
Project("{FAE04EC0-301F-11D3-BF4B-00C04F79EFBC}") = "Ordering.Domain", "Services\Ordering\Ordering.Domain\Ordering.Domain.csproj", "{07AFBFA9-D16E-4724-93FE-F45F098A5E33}"
EndProject
Project("{FAE04EC0-301F-11D3-BF4B-00C04F79EFBC}") = "Ordering.Application", "Services\Ordering\Ordering.Application\Ordering.Application.csproj", "{B7FC8CA1-AE12-407A-92EA-094C8C7558B8}"
EndProject
Project("{FAE04EC0-301F-11D3-BF4B-00C04F79EFBC}") = "Ordering.Infrastructure", "Services\Ordering\Ordering.Infrastructure\Ordering.Infrastructure.csproj", "{33C6E54D-DE3B-4BEE-ADA7-EDFA2DBC44C0}"
EndProject
Project("{FAE04EC0-301F-11D3-BF4B-00C04F79EFBC}") = "BuildingBlocks.Messaging", "BuildingBlocks\BuildingBlocks.Messaging\BuildingBlocks.Messaging.csproj", "{363B74B3-D738-4891-8C31-B4F22F88A368}"
EndProject
Project("{2150E333-8FDC-42A3-9474-1A3956D46DE8}") = "ApiGateways", "ApiGateways", "{B25E5E43-E315-4ECF-805E-23E455248BE1}"
EndProject
Project("{FAE04EC0-301F-11D3-BF4B-00C04F79EFBC}") = "YarpApiGateway", "ApiGateways\YarpApiGateway\YarpApiGateway.csproj", "{96D69203-0F24-46F8-9CA0-96A212078CAB}"
EndProject
Project("{2150E333-8FDC-42A3-9474-1A3956D46DE8}") = "WebApps", "WebApps", "{159BD7DA-2E42-439C-8380-5969D8E5CA50}"
EndProject
Project("{FAE04EC0-301F-11D3-BF4B-00C04F79EFBC}") = "Shopping.Web", "WebApps\Shopping.Web\Shopping.Web.csproj", "{417A4B0A-B81E-4325-BA35-980E7BD16F52}"
EndProject
Global
	GlobalSection(SolutionConfigurationPlatforms) = preSolution
		Debug|Any CPU = Debug|Any CPU
		Release|Any CPU = Release|Any CPU
	EndGlobalSection
	GlobalSection(ProjectConfigurationPlatforms) = postSolution
		{F967EFC0-37D8-4F94-8535-7B821AB4A224}.Debug|Any CPU.ActiveCfg = Debug|Any CPU
		{F967EFC0-37D8-4F94-8535-7B821AB4A224}.Debug|Any CPU.Build.0 = Debug|Any CPU
		{F967EFC0-37D8-4F94-8535-7B821AB4A224}.Release|Any CPU.ActiveCfg = Release|Any CPU
		{F967EFC0-37D8-4F94-8535-7B821AB4A224}.Release|Any CPU.Build.0 = Release|Any CPU
		{2920D9C7-D36F-498E-ACCE-D1D218CC9A37}.Debug|Any CPU.ActiveCfg = Debug|Any CPU
		{2920D9C7-D36F-498E-ACCE-D1D218CC9A37}.Debug|Any CPU.Build.0 = Debug|Any CPU
		{2920D9C7-D36F-498E-ACCE-D1D218CC9A37}.Release|Any CPU.ActiveCfg = Release|Any CPU
		{2920D9C7-D36F-498E-ACCE-D1D218CC9A37}.Release|Any CPU.Build.0 = Release|Any CPU
		{81DDED9D-158B-E303-5F62-77A2896D2A5A}.Debug|Any CPU.ActiveCfg = Debug|Any CPU
		{81DDED9D-158B-E303-5F62-77A2896D2A5A}.Debug|Any CPU.Build.0 = Debug|Any CPU
		{81DDED9D-158B-E303-5F62-77A2896D2A5A}.Release|Any CPU.ActiveCfg = Release|Any CPU
		{81DDED9D-158B-E303-5F62-77A2896D2A5A}.Release|Any CPU.Build.0 = Release|Any CPU
		{CB1D3A05-CDDC-49D8-A56D-CEBF8CB459BF}.Debug|Any CPU.ActiveCfg = Debug|Any CPU
		{CB1D3A05-CDDC-49D8-A56D-CEBF8CB459BF}.Debug|Any CPU.Build.0 = Debug|Any CPU
		{CB1D3A05-CDDC-49D8-A56D-CEBF8CB459BF}.Release|Any CPU.ActiveCfg = Release|Any CPU
		{CB1D3A05-CDDC-49D8-A56D-CEBF8CB459BF}.Release|Any CPU.Build.0 = Release|Any CPU
		{5ABAB753-48CE-4A90-B268-F4EEB08BCB2D}.Debug|Any CPU.ActiveCfg = Debug|Any CPU
		{5ABAB753-48CE-4A90-B268-F4EEB08BCB2D}.Debug|Any CPU.Build.0 = Debug|Any CPU
		{5ABAB753-48CE-4A90-B268-F4EEB08BCB2D}.Release|Any CPU.ActiveCfg = Release|Any CPU
		{5ABAB753-48CE-4A90-B268-F4EEB08BCB2D}.Release|Any CPU.Build.0 = Release|Any CPU
		{9CBDADA4-EFD3-40C7-A1D1-DE83A720F7D3}.Debug|Any CPU.ActiveCfg = Debug|Any CPU
		{9CBDADA4-EFD3-40C7-A1D1-DE83A720F7D3}.Debug|Any CPU.Build.0 = Debug|Any CPU
		{9CBDADA4-EFD3-40C7-A1D1-DE83A720F7D3}.Release|Any CPU.ActiveCfg = Release|Any CPU
		{9CBDADA4-EFD3-40C7-A1D1-DE83A720F7D3}.Release|Any CPU.Build.0 = Release|Any CPU
		{07AFBFA9-D16E-4724-93FE-F45F098A5E33}.Debug|Any CPU.ActiveCfg = Debug|Any CPU
		{07AFBFA9-D16E-4724-93FE-F45F098A5E33}.Debug|Any CPU.Build.0 = Debug|Any CPU
		{07AFBFA9-D16E-4724-93FE-F45F098A5E33}.Release|Any CPU.ActiveCfg = Release|Any CPU
		{07AFBFA9-D16E-4724-93FE-F45F098A5E33}.Release|Any CPU.Build.0 = Release|Any CPU
		{B7FC8CA1-AE12-407A-92EA-094C8C7558B8}.Debug|Any CPU.ActiveCfg = Debug|Any CPU
		{B7FC8CA1-AE12-407A-92EA-094C8C7558B8}.Debug|Any CPU.Build.0 = Debug|Any CPU
		{B7FC8CA1-AE12-407A-92EA-094C8C7558B8}.Release|Any CPU.ActiveCfg = Release|Any CPU
		{B7FC8CA1-AE12-407A-92EA-094C8C7558B8}.Release|Any CPU.Build.0 = Release|Any CPU
		{33C6E54D-DE3B-4BEE-ADA7-EDFA2DBC44C0}.Debug|Any CPU.ActiveCfg = Debug|Any CPU
		{33C6E54D-DE3B-4BEE-ADA7-EDFA2DBC44C0}.Debug|Any CPU.Build.0 = Debug|Any CPU
		{33C6E54D-DE3B-4BEE-ADA7-EDFA2DBC44C0}.Release|Any CPU.ActiveCfg = Release|Any CPU
		{33C6E54D-DE3B-4BEE-ADA7-EDFA2DBC44C0}.Release|Any CPU.Build.0 = Release|Any CPU
		{363B74B3-D738-4891-8C31-B4F22F88A368}.Debug|Any CPU.ActiveCfg = Debug|Any CPU
		{363B74B3-D738-4891-8C31-B4F22F88A368}.Debug|Any CPU.Build.0 = Debug|Any CPU
		{363B74B3-D738-4891-8C31-B4F22F88A368}.Release|Any CPU.ActiveCfg = Release|Any CPU
		{363B74B3-D738-4891-8C31-B4F22F88A368}.Release|Any CPU.Build.0 = Release|Any CPU
		{96D69203-0F24-46F8-9CA0-96A212078CAB}.Debug|Any CPU.ActiveCfg = Debug|Any CPU
		{96D69203-0F24-46F8-9CA0-96A212078CAB}.Debug|Any CPU.Build.0 = Debug|Any CPU
		{96D69203-0F24-46F8-9CA0-96A212078CAB}.Release|Any CPU.ActiveCfg = Release|Any CPU
		{96D69203-0F24-46F8-9CA0-96A212078CAB}.Release|Any CPU.Build.0 = Release|Any CPU
		{417A4B0A-B81E-4325-BA35-980E7BD16F52}.Debug|Any CPU.ActiveCfg = Debug|Any CPU
		{417A4B0A-B81E-4325-BA35-980E7BD16F52}.Debug|Any CPU.Build.0 = Debug|Any CPU
		{417A4B0A-B81E-4325-BA35-980E7BD16F52}.Release|Any CPU.ActiveCfg = Release|Any CPU
		{417A4B0A-B81E-4325-BA35-980E7BD16F52}.Release|Any CPU.Build.0 = Release|Any CPU
	EndGlobalSection
	GlobalSection(SolutionProperties) = preSolution
		HideSolutionNode = FALSE
	EndGlobalSection
	GlobalSection(NestedProjects) = preSolution
		{CFF75CE4-7722-459C-8E6C-59D754F8D7DA} = {02EA681E-C7D8-13C7-8484-4AC65E1B71E8}
		{F967EFC0-37D8-4F94-8535-7B821AB4A224} = {CFF75CE4-7722-459C-8E6C-59D754F8D7DA}
		{2920D9C7-D36F-498E-ACCE-D1D218CC9A37} = {D90EAE5D-81C4-4878-B252-0C525C9CD763}
		{1683F5D2-719D-4589-9E2D-6637D6BC6F37} = {02EA681E-C7D8-13C7-8484-4AC65E1B71E8}
		{CB1D3A05-CDDC-49D8-A56D-CEBF8CB459BF} = {1683F5D2-719D-4589-9E2D-6637D6BC6F37}
		{DFC7FC36-6DD4-49CE-9835-047239718A72} = {02EA681E-C7D8-13C7-8484-4AC65E1B71E8}
		{5ABAB753-48CE-4A90-B268-F4EEB08BCB2D} = {DFC7FC36-6DD4-49CE-9835-047239718A72}
		{0ED9ECEC-1288-4159-8DB9-8E9F9048D7CB} = {02EA681E-C7D8-13C7-8484-4AC65E1B71E8}
		{9CBDADA4-EFD3-40C7-A1D1-DE83A720F7D3} = {0ED9ECEC-1288-4159-8DB9-8E9F9048D7CB}
		{07AFBFA9-D16E-4724-93FE-F45F098A5E33} = {0ED9ECEC-1288-4159-8DB9-8E9F9048D7CB}
		{B7FC8CA1-AE12-407A-92EA-094C8C7558B8} = {0ED9ECEC-1288-4159-8DB9-8E9F9048D7CB}
		{33C6E54D-DE3B-4BEE-ADA7-EDFA2DBC44C0} = {0ED9ECEC-1288-4159-8DB9-8E9F9048D7CB}
		{363B74B3-D738-4891-8C31-B4F22F88A368} = {D90EAE5D-81C4-4878-B252-0C525C9CD763}
		{96D69203-0F24-46F8-9CA0-96A212078CAB} = {B25E5E43-E315-4ECF-805E-23E455248BE1}
		{417A4B0A-B81E-4325-BA35-980E7BD16F52} = {159BD7DA-2E42-439C-8380-5969D8E5CA50}
	EndGlobalSection
	GlobalSection(ExtensibilityGlobals) = postSolution
		SolutionGuid = {1F513A98-141D-4491-8370-53AB2D0969C5}
	EndGlobalSection
EndGlobal
